// !$*UTF8*$!
{
	archiveVersion = 1;
	classes = {
	};
	objectVersion = 46;
	objects = {

/* Begin PBXBuildFile section */
		27B9A12D19C71CF700621AFF /* AppDelegate.swift in Sources */ = {isa = PBXBuildFile; fileRef = 27B9A12C19C71CF700621AFF /* AppDelegate.swift */; };
		27B9A13419C71CF700621AFF /* Main.storyboard in Resources */ = {isa = PBXBuildFile; fileRef = 27B9A13219C71CF700621AFF /* Main.storyboard */; };
		27B9A13619C71CF700621AFF /* Images.xcassets in Resources */ = {isa = PBXBuildFile; fileRef = 27B9A13519C71CF700621AFF /* Images.xcassets */; };
		27B9A13919C71CF700621AFF /* LaunchScreen.xib in Resources */ = {isa = PBXBuildFile; fileRef = 27B9A13719C71CF700621AFF /* LaunchScreen.xib */; };
		27B9A14519C71CF800621AFF /* LoWeetTests.swift in Sources */ = {isa = PBXBuildFile; fileRef = 27B9A14419C71CF800621AFF /* LoWeetTests.swift */; };
		27B9A14F19C7217900621AFF /* TweetLocationTableViewCell.swift in Sources */ = {isa = PBXBuildFile; fileRef = 27B9A14E19C7217900621AFF /* TweetLocationTableViewCell.swift */; };
		27B9A15119C7219E00621AFF /* TweetLocationsTableViewController.swift in Sources */ = {isa = PBXBuildFile; fileRef = 27B9A15019C7219E00621AFF /* TweetLocationsTableViewController.swift */; };
		27B9A15319C721F800621AFF /* MapLocationsViewController.swift in Sources */ = {isa = PBXBuildFile; fileRef = 27B9A15219C721F800621AFF /* MapLocationsViewController.swift */; };
		27B9A15519C734BA00621AFF /* NewLocationViewController.swift in Sources */ = {isa = PBXBuildFile; fileRef = 27B9A15419C734BA00621AFF /* NewLocationViewController.swift */; };
		27B9A15719C73A5E00621AFF /* LocationData.swift in Sources */ = {isa = PBXBuildFile; fileRef = 27B9A15619C73A5E00621AFF /* LocationData.swift */; };
		27B9A19119C76E5D00621AFF /* Marker.swift in Sources */ = {isa = PBXBuildFile; fileRef = 27B9A19019C76E5D00621AFF /* Marker.swift */; };
/* End PBXBuildFile section */

/* Begin PBXContainerItemProxy section */
		27B9A13F19C71CF800621AFF /* PBXContainerItemProxy */ = {
			isa = PBXContainerItemProxy;
			containerPortal = 27B9A11F19C71CF700621AFF /* Project object */;
			proxyType = 1;
			remoteGlobalIDString = 27B9A12619C71CF700621AFF;
			remoteInfo = LoWeet;
		};
/* End PBXContainerItemProxy section */

/* Begin PBXFileReference section */
		27B9A12719C71CF700621AFF /* LoWeet.app */ = {isa = PBXFileReference; explicitFileType = wrapper.application; includeInIndex = 0; path = LoWeet.app; sourceTree = BUILT_PRODUCTS_DIR; };
		27B9A12B19C71CF700621AFF /* Info.plist */ = {isa = PBXFileReference; lastKnownFileType = text.plist.xml; path = Info.plist; sourceTree = "<group>"; };
		27B9A12C19C71CF700621AFF /* AppDelegate.swift */ = {isa = PBXFileReference; lastKnownFileType = sourcecode.swift; path = AppDelegate.swift; sourceTree = "<group>"; };
		27B9A13319C71CF700621AFF /* Base */ = {isa = PBXFileReference; lastKnownFileType = file.storyboard; name = Base; path = Base.lproj/Main.storyboard; sourceTree = "<group>"; };
		27B9A13519C71CF700621AFF /* Images.xcassets */ = {isa = PBXFileReference; lastKnownFileType = folder.assetcatalog; path = Images.xcassets; sourceTree = "<group>"; };
		27B9A13819C71CF700621AFF /* Base */ = {isa = PBXFileReference; lastKnownFileType = file.xib; name = Base; path = Base.lproj/LaunchScreen.xib; sourceTree = "<group>"; };
		27B9A13E19C71CF800621AFF /* LoWeetTests.xctest */ = {isa = PBXFileReference; explicitFileType = wrapper.cfbundle; includeInIndex = 0; path = LoWeetTests.xctest; sourceTree = BUILT_PRODUCTS_DIR; };
		27B9A14319C71CF800621AFF /* Info.plist */ = {isa = PBXFileReference; lastKnownFileType = text.plist.xml; path = Info.plist; sourceTree = "<group>"; };
		27B9A14419C71CF800621AFF /* LoWeetTests.swift */ = {isa = PBXFileReference; lastKnownFileType = sourcecode.swift; path = LoWeetTests.swift; sourceTree = "<group>"; };
		27B9A14E19C7217900621AFF /* TweetLocationTableViewCell.swift */ = {isa = PBXFileReference; fileEncoding = 4; lastKnownFileType = sourcecode.swift; path = TweetLocationTableViewCell.swift; sourceTree = "<group>"; };
		27B9A15019C7219E00621AFF /* TweetLocationsTableViewController.swift */ = {isa = PBXFileReference; fileEncoding = 4; lastKnownFileType = sourcecode.swift; path = TweetLocationsTableViewController.swift; sourceTree = "<group>"; };
		27B9A15219C721F800621AFF /* MapLocationsViewController.swift */ = {isa = PBXFileReference; fileEncoding = 4; lastKnownFileType = sourcecode.swift; path = MapLocationsViewController.swift; sourceTree = "<group>"; };
		27B9A15419C734BA00621AFF /* NewLocationViewController.swift */ = {isa = PBXFileReference; fileEncoding = 4; lastKnownFileType = sourcecode.swift; path = NewLocationViewController.swift; sourceTree = "<group>"; };
		27B9A15619C73A5E00621AFF /* LocationData.swift */ = {isa = PBXFileReference; fileEncoding = 4; lastKnownFileType = sourcecode.swift; path = LocationData.swift; sourceTree = "<group>"; };
		27B9A19019C76E5D00621AFF /* Marker.swift */ = {isa = PBXFileReference; fileEncoding = 4; lastKnownFileType = sourcecode.swift; path = Marker.swift; sourceTree = "<group>"; };
/* End PBXFileReference section */

/* Begin PBXFrameworksBuildPhase section */
		27B9A12419C71CF700621AFF /* Frameworks */ = {
			isa = PBXFrameworksBuildPhase;
			buildActionMask = 2147483647;
			files = (
			);
			runOnlyForDeploymentPostprocessing = 0;
		};
		27B9A13B19C71CF800621AFF /* Frameworks */ = {
			isa = PBXFrameworksBuildPhase;
			buildActionMask = 2147483647;
			files = (
			);
			runOnlyForDeploymentPostprocessing = 0;
		};
/* End PBXFrameworksBuildPhase section */

/* Begin PBXGroup section */
		27B9A11E19C71CF700621AFF = {
			isa = PBXGroup;
			children = (
				27B9A12919C71CF700621AFF /* LoWeet */,
				27B9A14119C71CF800621AFF /* LoWeetTests */,
				27B9A12819C71CF700621AFF /* Products */,
			);
			sourceTree = "<group>";
		};
		27B9A12819C71CF700621AFF /* Products */ = {
			isa = PBXGroup;
			children = (
				27B9A12719C71CF700621AFF /* LoWeet.app */,
				27B9A13E19C71CF800621AFF /* LoWeetTests.xctest */,
			);
			name = Products;
			sourceTree = "<group>";
		};
		27B9A12919C71CF700621AFF /* LoWeet */ = {
			isa = PBXGroup;
			children = (
				27B9A12C19C71CF700621AFF /* AppDelegate.swift */,
				27B9A14E19C7217900621AFF /* TweetLocationTableViewCell.swift */,
				27B9A15219C721F800621AFF /* MapLocationsViewController.swift */,
				27B9A15019C7219E00621AFF /* TweetLocationsTableViewController.swift */,
				27B9A15419C734BA00621AFF /* NewLocationViewController.swift */,
				27B9A15619C73A5E00621AFF /* LocationData.swift */,
				27B9A19019C76E5D00621AFF /* Marker.swift */,
				27B9A13219C71CF700621AFF /* Main.storyboard */,
				27B9A13519C71CF700621AFF /* Images.xcassets */,
				27B9A13719C71CF700621AFF /* LaunchScreen.xib */,
				27B9A12A19C71CF700621AFF /* Supporting Files */,
			);
			path = LoWeet;
			sourceTree = "<group>";
		};
		27B9A12A19C71CF700621AFF /* Supporting Files */ = {
			isa = PBXGroup;
			children = (
				27B9A12B19C71CF700621AFF /* Info.plist */,
			);
			name = "Supporting Files";
			sourceTree = "<group>";
		};
		27B9A14119C71CF800621AFF /* LoWeetTests */ = {
			isa = PBXGroup;
			children = (
				27B9A14419C71CF800621AFF /* LoWeetTests.swift */,
				27B9A14219C71CF800621AFF /* Supporting Files */,
			);
			path = LoWeetTests;
			sourceTree = "<group>";
		};
		27B9A14219C71CF800621AFF /* Supporting Files */ = {
			isa = PBXGroup;
			children = (
				27B9A14319C71CF800621AFF /* Info.plist */,
			);
			name = "Supporting Files";
			sourceTree = "<group>";
		};
/* End PBXGroup section */

/* Begin PBXNativeTarget section */
		27B9A12619C71CF700621AFF /* LoWeet */ = {
			isa = PBXNativeTarget;
			buildConfigurationList = 27B9A14819C71CF800621AFF /* Build configuration list for PBXNativeTarget "LoWeet" */;
			buildPhases = (
				27B9A12319C71CF700621AFF /* Sources */,
				27B9A12419C71CF700621AFF /* Frameworks */,
				27B9A12519C71CF700621AFF /* Resources */,
			);
			buildRules = (
			);
			dependencies = (
			);
			name = LoWeet;
			productName = LoWeet;
			productReference = 27B9A12719C71CF700621AFF /* LoWeet.app */;
			productType = "com.apple.product-type.application";
		};
		27B9A13D19C71CF800621AFF /* LoWeetTests */ = {
			isa = PBXNativeTarget;
			buildConfigurationList = 27B9A14B19C71CF800621AFF /* Build configuration list for PBXNativeTarget "LoWeetTests" */;
			buildPhases = (
				27B9A13A19C71CF800621AFF /* Sources */,
				27B9A13B19C71CF800621AFF /* Frameworks */,
				27B9A13C19C71CF800621AFF /* Resources */,
			);
			buildRules = (
			);
			dependencies = (
				27B9A14019C71CF800621AFF /* PBXTargetDependency */,
			);
			name = LoWeetTests;
			productName = LoWeetTests;
			productReference = 27B9A13E19C71CF800621AFF /* LoWeetTests.xctest */;
			productType = "com.apple.product-type.bundle.unit-test";
		};
/* End PBXNativeTarget section */

/* Begin PBXProject section */
		27B9A11F19C71CF700621AFF /* Project object */ = {
			isa = PBXProject;
			attributes = {
				LastUpgradeCheck = 0600;
				ORGANIZATIONNAME = "Katlyn Schwaebe";
				TargetAttributes = {
					27B9A12619C71CF700621AFF = {
						CreatedOnToolsVersion = 6.0;
					};
					27B9A13D19C71CF800621AFF = {
						CreatedOnToolsVersion = 6.0;
						TestTargetID = 27B9A12619C71CF700621AFF;
					};
				};
			};
			buildConfigurationList = 27B9A12219C71CF700621AFF /* Build configuration list for PBXProject "LoWeet" */;
			compatibilityVersion = "Xcode 3.2";
			developmentRegion = English;
			hasScannedForEncodings = 0;
			knownRegions = (
				en,
				Base,
			);
			mainGroup = 27B9A11E19C71CF700621AFF;
			productRefGroup = 27B9A12819C71CF700621AFF /* Products */;
			projectDirPath = "";
			projectRoot = "";
			targets = (
				27B9A12619C71CF700621AFF /* LoWeet */,
				27B9A13D19C71CF800621AFF /* LoWeetTests */,
			);
		};
/* End PBXProject section */

/* Begin PBXResourcesBuildPhase section */
		27B9A12519C71CF700621AFF /* Resources */ = {
			isa = PBXResourcesBuildPhase;
			buildActionMask = 2147483647;
			files = (
				27B9A13419C71CF700621AFF /* Main.storyboard in Resources */,
				27B9A13919C71CF700621AFF /* LaunchScreen.xib in Resources */,
				27B9A13619C71CF700621AFF /* Images.xcassets in Resources */,
			);
			runOnlyForDeploymentPostprocessing = 0;
		};
		27B9A13C19C71CF800621AFF /* Resources */ = {
			isa = PBXResourcesBuildPhase;
			buildActionMask = 2147483647;
			files = (
			);
			runOnlyForDeploymentPostprocessing = 0;
		};
/* End PBXResourcesBuildPhase section */

/* Begin PBXSourcesBuildPhase section */
		27B9A12319C71CF700621AFF /* Sources */ = {
			isa = PBXSourcesBuildPhase;
			buildActionMask = 2147483647;
			files = (
				27B9A15719C73A5E00621AFF /* LocationData.swift in Sources */,
				27B9A15319C721F800621AFF /* MapLocationsViewController.swift in Sources */,
				27B9A15119C7219E00621AFF /* TweetLocationsTableViewController.swift in Sources */,
				27B9A14F19C7217900621AFF /* TweetLocationTableViewCell.swift in Sources */,
				27B9A15519C734BA00621AFF /* NewLocationViewController.swift in Sources */,
				27B9A12D19C71CF700621AFF /* AppDelegate.swift in Sources */,
				27B9A19119C76E5D00621AFF /* Marker.swift in Sources */,
			);
			runOnlyForDeploymentPostprocessing = 0;
		};
		27B9A13A19C71CF800621AFF /* Sources */ = {
			isa = PBXSourcesBuildPhase;
			buildActionMask = 2147483647;
			files = (
				27B9A14519C71CF800621AFF /* LoWeetTests.swift in Sources */,
			);
			runOnlyForDeploymentPostprocessing = 0;
		};
/* End PBXSourcesBuildPhase section */

/* Begin PBXTargetDependency section */
		27B9A14019C71CF800621AFF /* PBXTargetDependency */ = {
			isa = PBXTargetDependency;
			target = 27B9A12619C71CF700621AFF /* LoWeet */;
			targetProxy = 27B9A13F19C71CF800621AFF /* PBXContainerItemProxy */;
		};
/* End PBXTargetDependency section */

/* Begin PBXVariantGroup section */
		27B9A13219C71CF700621AFF /* Main.storyboard */ = {
			isa = PBXVariantGroup;
			children = (
				27B9A13319C71CF700621AFF /* Base */,
			);
			name = Main.storyboard;
			sourceTree = "<group>";
		};
		27B9A13719C71CF700621AFF /* LaunchScreen.xib */ = {
			isa = PBXVariantGroup;
			children = (
				27B9A13819C71CF700621AFF /* Base */,
			);
			name = LaunchScreen.xib;
			sourceTree = "<group>";
		};
/* End PBXVariantGroup section */

/* Begin XCBuildConfiguration section */
		27B9A14619C71CF800621AFF /* Debug */ = {
			isa = XCBuildConfiguration;
			buildSettings = {
				ALWAYS_SEARCH_USER_PATHS = NO;
				CLANG_CXX_LANGUAGE_STANDARD = "gnu++0x";
				CLANG_CXX_LIBRARY = "libc++";
				CLANG_ENABLE_MODULES = YES;
				CLANG_ENABLE_OBJC_ARC = YES;
				CLANG_WARN_BOOL_CONVERSION = YES;
				CLANG_WARN_CONSTANT_CONVERSION = YES;
				CLANG_WARN_DIRECT_OBJC_ISA_USAGE = YES_ERROR;
				CLANG_WARN_EMPTY_BODY = YES;
				CLANG_WARN_ENUM_CONVERSION = YES;
				CLANG_WARN_INT_CONVERSION = YES;
				CLANG_WARN_OBJC_ROOT_CLASS = YES_ERROR;
				CLANG_WARN_UNREACHABLE_CODE = YES;
				CLANG_WARN__DUPLICATE_METHOD_MATCH = YES;
				"CODE_SIGN_IDENTITY[sdk=iphoneos*]" = "iPhone Developer";
				COPY_PHASE_STRIP = NO;
				ENABLE_STRICT_OBJC_MSGSEND = YES;
				GCC_C_LANGUAGE_STANDARD = gnu99;
				GCC_DYNAMIC_NO_PIC = NO;
				GCC_OPTIMIZATION_LEVEL = 0;
				GCC_PREPROCESSOR_DEFINITIONS = (
					"DEBUG=1",
					"$(inherited)",
				);
				GCC_SYMBOLS_PRIVATE_EXTERN = NO;
				GCC_WARN_64_TO_32_BIT_CONVERSION = YES;
				GCC_WARN_ABOUT_RETURN_TYPE = YES_ERROR;
				GCC_WARN_UNDECLARED_SELECTOR = YES;
				GCC_WARN_UNINITIALIZED_AUTOS = YES_AGGRESSIVE;
				GCC_WARN_UNUSED_FUNCTION = YES;
				GCC_WARN_UNUSED_VARIABLE = YES;
				IPHONEOS_DEPLOYMENT_TARGET = 8.0;
				MTL_ENABLE_DEBUG_INFO = YES;
				ONLY_ACTIVE_ARCH = YES;
				SDKROOT = iphoneos;
				SWIFT_OPTIMIZATION_LEVEL = "-Onone";
			};
			name = Debug;
		};
		27B9A14719C71CF800621AFF /* Release */ = {
			isa = XCBuildConfiguration;
			buildSettings = {
				ALWAYS_SEARCH_USER_PATHS = NO;
				CLANG_CXX_LANGUAGE_STANDARD = "gnu++0x";
				CLANG_CXX_LIBRARY = "libc++";
				CLANG_ENABLE_MODULES = YES;
				CLANG_ENABLE_OBJC_ARC = YES;
				CLANG_WARN_BOOL_CONVERSION = YES;
				CLANG_WARN_CONSTANT_CONVERSION = YES;
				CLANG_WARN_DIRECT_OBJC_ISA_USAGE = YES_ERROR;
				CLANG_WARN_EMPTY_BODY = YES;
				CLANG_WARN_ENUM_CONVERSION = YES;
				CLANG_WARN_INT_CONVERSION = YES;
				CLANG_WARN_OBJC_ROOT_CLASS = YES_ERROR;
				CLANG_WARN_UNREACHABLE_CODE = YES;
				CLANG_WARN__DUPLICATE_METHOD_MATCH = YES;
				"CODE_SIGN_IDENTITY[sdk=iphoneos*]" = "iPhone Developer";
				COPY_PHASE_STRIP = YES;
				ENABLE_NS_ASSERTIONS = NO;
				ENABLE_STRICT_OBJC_MSGSEND = YES;
				GCC_C_LANGUAGE_STANDARD = gnu99;
				GCC_WARN_64_TO_32_BIT_CONVERSION = YES;
				GCC_WARN_ABOUT_RETURN_TYPE = YES_ERROR;
				GCC_WARN_UNDECLARED_SELECTOR = YES;
				GCC_WARN_UNINITIALIZED_AUTOS = YES_AGGRESSIVE;
				GCC_WARN_UNUSED_FUNCTION = YES;
				GCC_WARN_UNUSED_VARIABLE = YES;
				IPHONEOS_DEPLOYMENT_TARGET = 8.0;
				MTL_ENABLE_DEBUG_INFO = NO;
				SDKROOT = iphoneos;
				VALIDATE_PRODUCT = YES;
			};
			name = Release;
		};
		27B9A14919C71CF800621AFF /* Debug */ = {
			isa = XCBuildConfiguration;
			buildSettings = {
				ASSETCATALOG_COMPILER_APPICON_NAME = AppIcon;
				INFOPLIST_FILE = LoWeet/Info.plist;
				LD_RUNPATH_SEARCH_PATHS = "$(inherited) @executable_path/Frameworks";
				PRODUCT_NAME = "$(TARGET_NAME)";
			};
			name = Debug;
		};
		27B9A14A19C71CF800621AFF /* Release */ = {
			isa = XCBuildConfiguration;
			buildSettings = {
				ASSETCATALOG_COMPILER_APPICON_NAME = AppIcon;
				INFOPLIST_FILE = LoWeet/Info.plist;
				LD_RUNPATH_SEARCH_PATHS = "$(inherited) @executable_path/Frameworks";
				PRODUCT_NAME = "$(TARGET_NAME)";
			};
			name = Release;
		};
		27B9A14C19C71CF800621AFF /* Debug */ = {
			isa = XCBuildConfiguration;
			buildSettings = {
				BUNDLE_LOADER = "$(TEST_HOST)";
				FRAMEWORK_SEARCH_PATHS = (
					"$(SDKROOT)/Developer/Library/Frameworks",
					"$(inherited)",
				);
				GCC_PREPROCESSOR_DEFINITIONS = (
					"DEBUG=1",
					"$(inherited)",
				);
				INFOPLIST_FILE = LoWeetTests/Info.plist;
				LD_RUNPATH_SEARCH_PATHS = "$(inherited) @executable_path/Frameworks @loader_path/Frameworks";
				PRODUCT_NAME = "$(TARGET_NAME)";
				TEST_HOST = "$(BUILT_PRODUCTS_DIR)/LoWeet.app/LoWeet";
			};
			name = Debug;
		};
		27B9A14D19C71CF800621AFF /* Release */ = {
			isa = XCBuildConfiguration;
			buildSettings = {
				BUNDLE_LOADER = "$(TEST_HOST)";
				FRAMEWORK_SEARCH_PATHS = (
					"$(SDKROOT)/Developer/Library/Frameworks",
					"$(inherited)",
				);
				INFOPLIST_FILE = LoWeetTests/Info.plist;
				LD_RUNPATH_SEARCH_PATHS = "$(inherited) @executable_path/Frameworks @loader_path/Frameworks";
				PRODUCT_NAME = "$(TARGET_NAME)";
				TEST_HOST = "$(BUILT_PRODUCTS_DIR)/LoWeet.app/LoWeet";
			};
			name = Release;
		};
/* End XCBuildConfiguration section */

/* Begin XCConfigurationList section */
		27B9A12219C71CF700621AFF /* Build configuration list for PBXProject "LoWeet" */ = {
			isa = XCConfigurationList;
			buildConfigurations = (
				27B9A14619C71CF800621AFF /* Debug */,
				27B9A14719C71CF800621AFF /* Release */,
			);
			defaultConfigurationIsVisible = 0;
			defaultConfigurationName = Release;
		};
		27B9A14819C71CF800621AFF /* Build configuration list for PBXNativeTarget "LoWeet" */ = {
			isa = XCConfigurationList;
			buildConfigurations = (
				27B9A14919C71CF800621AFF /* Debug */,
				27B9A14A19C71CF800621AFF /* Release */,
			);
			defaultConfigurationIsVisible = 0;
		};
		27B9A14B19C71CF800621AFF /* Build configuration list for PBXNativeTarget "LoWeetTests" */ = {
			isa = XCConfigurationList;
			buildConfigurations = (
				27B9A14C19C71CF800621AFF /* Debug */,
				27B9A14D19C71CF800621AFF /* Release */,
			);
			defaultConfigurationIsVisible = 0;
		};
/* End XCConfigurationList section */
	};
	rootObject = 27B9A11F19C71CF700621AFF /* Project object */;
}
